
Microsoft Visual Studio Solution File, Format Version 12.00
# Visual Studio 15
VisualStudioVersion = 15.0.26124.0
MinimumVisualStudioVersion = 15.0.26124.0
Project("{2150E333-8FDC-42A3-9474-1A3956D46DE8}") = "src", "src", "{F884113D-244F-44F0-8937-A22468D3041A}"
EndProject
Project("{FAE04EC0-301F-11D3-BF4B-00C04F79EFBC}") = "Core", "src\Core\Core.csproj", "{042C3FBB-BC02-4D42-82AD-794356F62F1D}"
EndProject
Project("{FAE04EC0-301F-11D3-BF4B-00C04F79EFBC}") = "Sample", "src\Sample\Sample.csproj", "{17897497-D853-48B3-A4A9-B06171F057C7}"
EndProject
Project("{2150E333-8FDC-42A3-9474-1A3956D46DE8}") = "tests", "tests", "{E46A440D-2939-4B24-9C5C-77EB98DE11E5}"
EndProject
Project("{FAE04EC0-301F-11D3-BF4B-00C04F79EFBC}") = "UnitTests", "tests\UnitTests\UnitTests.csproj", "{78B94FEB-C820-46AE-9CE4-798961F1A44F}"
EndProject
Global
	GlobalSection(SolutionConfigurationPlatforms) = preSolution
		Debug|Any CPU = Debug|Any CPU
		Debug|x64 = Debug|x64
		Debug|x86 = Debug|x86
		Release|Any CPU = Release|Any CPU
		Release|x64 = Release|x64
		Release|x86 = Release|x86
	EndGlobalSection
	GlobalSection(SolutionProperties) = preSolution
		HideSolutionNode = FALSE
	EndGlobalSection
	GlobalSection(ProjectConfigurationPlatforms) = postSolution
		{042C3FBB-BC02-4D42-82AD-794356F62F1D}.Debug|Any CPU.ActiveCfg = Debug|Any CPU
		{042C3FBB-BC02-4D42-82AD-794356F62F1D}.Debug|Any CPU.Build.0 = Debug|Any CPU
		{042C3FBB-BC02-4D42-82AD-794356F62F1D}.Debug|x64.ActiveCfg = Debug|Any CPU
		{042C3FBB-BC02-4D42-82AD-794356F62F1D}.Debug|x64.Build.0 = Debug|Any CPU
		{042C3FBB-BC02-4D42-82AD-794356F62F1D}.Debug|x86.ActiveCfg = Debug|Any CPU
		{042C3FBB-BC02-4D42-82AD-794356F62F1D}.Debug|x86.Build.0 = Debug|Any CPU
		{042C3FBB-BC02-4D42-82AD-794356F62F1D}.Release|Any CPU.ActiveCfg = Release|Any CPU
		{042C3FBB-BC02-4D42-82AD-794356F62F1D}.Release|Any CPU.Build.0 = Release|Any CPU
		{042C3FBB-BC02-4D42-82AD-794356F62F1D}.Release|x64.ActiveCfg = Release|Any CPU
		{042C3FBB-BC02-4D42-82AD-794356F62F1D}.Release|x64.Build.0 = Release|Any CPU
		{042C3FBB-BC02-4D42-82AD-794356F62F1D}.Release|x86.ActiveCfg = Release|Any CPU
		{042C3FBB-BC02-4D42-82AD-794356F62F1D}.Release|x86.Build.0 = Release|Any CPU
		{17897497-D853-48B3-A4A9-B06171F057C7}.Debug|Any CPU.ActiveCfg = Debug|Any CPU
		{17897497-D853-48B3-A4A9-B06171F057C7}.Debug|Any CPU.Build.0 = Debug|Any CPU
		{17897497-D853-48B3-A4A9-B06171F057C7}.Debug|x64.ActiveCfg = Debug|Any CPU
		{17897497-D853-48B3-A4A9-B06171F057C7}.Debug|x64.Build.0 = Debug|Any CPU
		{17897497-D853-48B3-A4A9-B06171F057C7}.Debug|x86.ActiveCfg = Debug|Any CPU
		{17897497-D853-48B3-A4A9-B06171F057C7}.Debug|x86.Build.0 = Debug|Any CPU
		{17897497-D853-48B3-A4A9-B06171F057C7}.Release|Any CPU.ActiveCfg = Release|Any CPU
		{17897497-D853-48B3-A4A9-B06171F057C7}.Release|Any CPU.Build.0 = Release|Any CPU
		{17897497-D853-48B3-A4A9-B06171F057C7}.Release|x64.ActiveCfg = Release|Any CPU
		{17897497-D853-48B3-A4A9-B06171F057C7}.Release|x64.Build.0 = Release|Any CPU
		{17897497-D853-48B3-A4A9-B06171F057C7}.Release|x86.ActiveCfg = Release|Any CPU
		{17897497-D853-48B3-A4A9-B06171F057C7}.Release|x86.Build.0 = Release|Any CPU
		{78B94FEB-C820-46AE-9CE4-798961F1A44F}.Debug|Any CPU.ActiveCfg = Debug|Any CPU
		{78B94FEB-C820-46AE-9CE4-798961F1A44F}.Debug|Any CPU.Build.0 = Debug|Any CPU
		{78B94FEB-C820-46AE-9CE4-798961F1A44F}.Debug|x64.ActiveCfg = Debug|Any CPU
		{78B94FEB-C820-46AE-9CE4-798961F1A44F}.Debug|x64.Build.0 = Debug|Any CPU
		{78B94FEB-C820-46AE-9CE4-798961F1A44F}.Debug|x86.ActiveCfg = Debug|Any CPU
		{78B94FEB-C820-46AE-9CE4-798961F1A44F}.Debug|x86.Build.0 = Debug|Any CPU
		{78B94FEB-C820-46AE-9CE4-798961F1A44F}.Release|Any CPU.ActiveCfg = Release|Any CPU
		{78B94FEB-C820-46AE-9CE4-798961F1A44F}.Release|Any CPU.Build.0 = Release|Any CPU
		{78B94FEB-C820-46AE-9CE4-798961F1A44F}.Release|x64.ActiveCfg = Release|Any CPU
		{78B94FEB-C820-46AE-9CE4-798961F1A44F}.Release|x64.Build.0 = Release|Any CPU
		{78B94FEB-C820-46AE-9CE4-798961F1A44F}.Release|x86.ActiveCfg = Release|Any CPU
		{78B94FEB-C820-46AE-9CE4-798961F1A44F}.Release|x86.Build.0 = Release|Any CPU
	EndGlobalSection
	GlobalSection(NestedProjects) = preSolution
		{042C3FBB-BC02-4D42-82AD-794356F62F1D} = {F884113D-244F-44F0-8937-A22468D3041A}
		{17897497-D853-48B3-A4A9-B06171F057C7} = {F884113D-244F-44F0-8937-A22468D3041A}
		{78B94FEB-C820-46AE-9CE4-798961F1A44F} = {E46A440D-2939-4B24-9C5C-77EB98DE11E5}
	EndGlobalSection
EndGlobal
